// !$*UTF8*$!
{
	archiveVersion = 1;
	classes = {
	};
	objectVersion = 46;
	objects = {

/* Begin PBXBuildFile section */
		8818702C1E49255A0000DEB1 /* csv.swift in Sources */ = {isa = PBXBuildFile; fileRef = 8818702B1E49255A0000DEB1 /* csv.swift */; };
		8832A79C1E329F690079FF13 /* AppDelegate.swift in Sources */ = {isa = PBXBuildFile; fileRef = 8832A79B1E329F690079FF13 /* AppDelegate.swift */; };
		8832A79E1E329F690079FF13 /* ViewController.swift in Sources */ = {isa = PBXBuildFile; fileRef = 8832A79D1E329F690079FF13 /* ViewController.swift */; };
		8832A7A11E329F690079FF13 /* Main.storyboard in Resources */ = {isa = PBXBuildFile; fileRef = 8832A79F1E329F690079FF13 /* Main.storyboard */; };
		8832A7A31E329F690079FF13 /* Assets.xcassets in Resources */ = {isa = PBXBuildFile; fileRef = 8832A7A21E329F690079FF13 /* Assets.xcassets */; };
		8832A7A61E329F690079FF13 /* LaunchScreen.storyboard in Resources */ = {isa = PBXBuildFile; fileRef = 8832A7A41E329F690079FF13 /* LaunchScreen.storyboard */; };
		889C73411E4935D2008794D1 /* pokemon.ttf in Resources */ = {isa = PBXBuildFile; fileRef = 889C73401E4935D2008794D1 /* pokemon.ttf */; };
		889C73451E4941D1008794D1 /* music.mp3 in Resources */ = {isa = PBXBuildFile; fileRef = 889C73441E4941D1008794D1 /* music.mp3 */; };
		889C73471E4A4760008794D1 /* PokemonDetailVC.swift in Sources */ = {isa = PBXBuildFile; fileRef = 889C73461E4A4760008794D1 /* PokemonDetailVC.swift */; };
		88DE63711E456A3200719468 /* pokemon.csv in Resources */ = {isa = PBXBuildFile; fileRef = 88DE63701E456A3200719468 /* pokemon.csv */; };
		88DE63741E456BFF00719468 /* Pokemon.swift in Sources */ = {isa = PBXBuildFile; fileRef = 88DE63731E456BFF00719468 /* Pokemon.swift */; };
		88DE63771E4580B600719468 /* PokeCell.swift in Sources */ = {isa = PBXBuildFile; fileRef = 88DE63761E4580B600719468 /* PokeCell.swift */; };
/* End PBXBuildFile section */

/* Begin PBXFileReference section */
		8818702B1E49255A0000DEB1 /* csv.swift */ = {isa = PBXFileReference; fileEncoding = 4; lastKnownFileType = sourcecode.swift; name = csv.swift; path = Pokedex/csv.swift; sourceTree = "<group>"; };
		8832A7981E329F690079FF13 /* Pokedex.app */ = {isa = PBXFileReference; explicitFileType = wrapper.application; includeInIndex = 0; path = Pokedex.app; sourceTree = BUILT_PRODUCTS_DIR; };
		8832A79B1E329F690079FF13 /* AppDelegate.swift */ = {isa = PBXFileReference; lastKnownFileType = sourcecode.swift; path = AppDelegate.swift; sourceTree = "<group>"; };
		8832A79D1E329F690079FF13 /* ViewController.swift */ = {isa = PBXFileReference; lastKnownFileType = sourcecode.swift; name = ViewController.swift; path = Pokedex/ViewController.swift; sourceTree = "<group>"; };
		8832A7A01E329F690079FF13 /* Base */ = {isa = PBXFileReference; lastKnownFileType = file.storyboard; name = Base; path = Base.lproj/Main.storyboard; sourceTree = "<group>"; };
		8832A7A21E329F690079FF13 /* Assets.xcassets */ = {isa = PBXFileReference; lastKnownFileType = folder.assetcatalog; path = Assets.xcassets; sourceTree = "<group>"; };
		8832A7A51E329F690079FF13 /* Base */ = {isa = PBXFileReference; lastKnownFileType = file.storyboard; name = Base; path = Base.lproj/LaunchScreen.storyboard; sourceTree = "<group>"; };
		8832A7A71E329F690079FF13 /* Info.plist */ = {isa = PBXFileReference; lastKnownFileType = text.plist.xml; path = Info.plist; sourceTree = "<group>"; };
		889C73401E4935D2008794D1 /* pokemon.ttf */ = {isa = PBXFileReference; lastKnownFileType = file; name = pokemon.ttf; path = Pokedex/pokemon.ttf; sourceTree = "<group>"; };
		889C73441E4941D1008794D1 /* music.mp3 */ = {isa = PBXFileReference; lastKnownFileType = audio.mp3; path = music.mp3; sourceTree = "<group>"; };
		889C73461E4A4760008794D1 /* PokemonDetailVC.swift */ = {isa = PBXFileReference; fileEncoding = 4; lastKnownFileType = sourcecode.swift; name = PokemonDetailVC.swift; path = Pokedex/PokemonDetailVC.swift; sourceTree = "<group>"; };
		88DE63701E456A3200719468 /* pokemon.csv */ = {isa = PBXFileReference; fileEncoding = 4; lastKnownFileType = text; name = pokemon.csv; path = Pokedex/pokemon.csv; sourceTree = "<group>"; };
		88DE63731E456BFF00719468 /* Pokemon.swift */ = {isa = PBXFileReference; fileEncoding = 4; lastKnownFileType = sourcecode.swift; path = Pokemon.swift; sourceTree = "<group>"; };
		88DE63761E4580B600719468 /* PokeCell.swift */ = {isa = PBXFileReference; fileEncoding = 4; lastKnownFileType = sourcecode.swift; path = PokeCell.swift; sourceTree = "<group>"; };
/* End PBXFileReference section */

/* Begin PBXFrameworksBuildPhase section */
		8832A7951E329F690079FF13 /* Frameworks */ = {
			isa = PBXFrameworksBuildPhase;
			buildActionMask = 2147483647;
			files = (
			);
			runOnlyForDeploymentPostprocessing = 0;
		};
/* End PBXFrameworksBuildPhase section */

/* Begin PBXGroup section */
		8832A78F1E329F690079FF13 = {
			isa = PBXGroup;
			children = (
				8832A79A1E329F690079FF13 /* Pokedex */,
				8832A7991E329F690079FF13 /* Products */,
			);
			sourceTree = "<group>";
		};
		8832A7991E329F690079FF13 /* Products */ = {
			isa = PBXGroup;
			children = (
				8832A7981E329F690079FF13 /* Pokedex.app */,
			);
			name = Products;
			sourceTree = "<group>";
		};
		8832A79A1E329F690079FF13 /* Pokedex */ = {
			isa = PBXGroup;
			children = (
				88DE63721E456BEA00719468 /* Model */,
				88DE63751E45808200719468 /* View */,
				889C733F1E49358F008794D1 /* Controller */,
				889C73421E4935F9008794D1 /* Resources */,
				889C73431E49366A008794D1 /* Util */,
				8832A79B1E329F690079FF13 /* AppDelegate.swift */,
				8832A79F1E329F690079FF13 /* Main.storyboard */,
				8832A7A21E329F690079FF13 /* Assets.xcassets */,
				8832A7A41E329F690079FF13 /* LaunchScreen.storyboard */,
				8832A7A71E329F690079FF13 /* Info.plist */,
			);
			path = Pokedex;
			sourceTree = "<group>";
		};
		889C733F1E49358F008794D1 /* Controller */ = {
			isa = PBXGroup;
			children = (
				8832A79D1E329F690079FF13 /* ViewController.swift */,
				889C73461E4A4760008794D1 /* PokemonDetailVC.swift */,
			);
			name = Controller;
			path = ..;
			sourceTree = "<group>";
		};
		889C73421E4935F9008794D1 /* Resources */ = {
			isa = PBXGroup;
			children = (
				889C73401E4935D2008794D1 /* pokemon.ttf */,
				88DE63701E456A3200719468 /* pokemon.csv */,
				889C73441E4941D1008794D1 /* music.mp3 */,
			);
			name = Resources;
			path = ..;
			sourceTree = "<group>";
		};
		889C73431E49366A008794D1 /* Util */ = {
			isa = PBXGroup;
			children = (
				8818702B1E49255A0000DEB1 /* csv.swift */,
			);
			name = Util;
			path = ..;
			sourceTree = "<group>";
		};
		88DE63721E456BEA00719468 /* Model */ = {
			isa = PBXGroup;
			children = (
				88DE63731E456BFF00719468 /* Pokemon.swift */,
			);
			name = Model;
			sourceTree = "<group>";
		};
		88DE63751E45808200719468 /* View */ = {
			isa = PBXGroup;
			children = (
				88DE63761E4580B600719468 /* PokeCell.swift */,
			);
			name = View;
			path = ..;
			sourceTree = "<group>";
		};
/* End PBXGroup section */

/* Begin PBXNativeTarget section */
		8832A7971E329F690079FF13 /* Pokedex */ = {
			isa = PBXNativeTarget;
			buildConfigurationList = 8832A7AA1E329F690079FF13 /* Build configuration list for PBXNativeTarget "Pokedex" */;
			buildPhases = (
				8832A7941E329F690079FF13 /* Sources */,
				8832A7951E329F690079FF13 /* Frameworks */,
				8832A7961E329F690079FF13 /* Resources */,
			);
			buildRules = (
			);
			dependencies = (
			);
			name = Pokedex;
			productName = Pokedex;
			productReference = 8832A7981E329F690079FF13 /* Pokedex.app */;
			productType = "com.apple.product-type.application";
		};
/* End PBXNativeTarget section */

/* Begin PBXProject section */
		8832A7901E329F690079FF13 /* Project object */ = {
			isa = PBXProject;
			attributes = {
				LastSwiftUpdateCheck = 0820;
				LastUpgradeCheck = 0820;
				ORGANIZATIONNAME = "Jesse Budhlall";
				TargetAttributes = {
					8832A7971E329F690079FF13 = {
						CreatedOnToolsVersion = 8.2.1;
						DevelopmentTeam = 6D459735TJ;
						LastSwiftMigration = 0820;
						ProvisioningStyle = Automatic;
					};
				};
			};
			buildConfigurationList = 8832A7931E329F690079FF13 /* Build configuration list for PBXProject "Pokedex" */;
			compatibilityVersion = "Xcode 3.2";
			developmentRegion = English;
			hasScannedForEncodings = 0;
			knownRegions = (
				en,
				Base,
			);
			mainGroup = 8832A78F1E329F690079FF13;
			productRefGroup = 8832A7991E329F690079FF13 /* Products */;
			projectDirPath = "";
			projectRoot = "";
			targets = (
				8832A7971E329F690079FF13 /* Pokedex */,
			);
		};
/* End PBXProject section */

/* Begin PBXResourcesBuildPhase section */
		8832A7961E329F690079FF13 /* Resources */ = {
			isa = PBXResourcesBuildPhase;
			buildActionMask = 2147483647;
			files = (
				889C73411E4935D2008794D1 /* pokemon.ttf in Resources */,
				8832A7A61E329F690079FF13 /* LaunchScreen.storyboard in Resources */,
				889C73451E4941D1008794D1 /* music.mp3 in Resources */,
				8832A7A31E329F690079FF13 /* Assets.xcassets in Resources */,
				88DE63711E456A3200719468 /* pokemon.csv in Resources */,
				8832A7A11E329F690079FF13 /* Main.storyboard in Resources */,
			);
			runOnlyForDeploymentPostprocessing = 0;
		};
/* End PBXResourcesBuildPhase section */

/* Begin PBXSourcesBuildPhase section */
		8832A7941E329F690079FF13 /* Sources */ = {
			isa = PBXSourcesBuildPhase;
			buildActionMask = 2147483647;
			files = (
				88DE63771E4580B600719468 /* PokeCell.swift in Sources */,
				8832A79E1E329F690079FF13 /* ViewController.swift in Sources */,
				8832A79C1E329F690079FF13 /* AppDelegate.swift in Sources */,
				889C73471E4A4760008794D1 /* PokemonDetailVC.swift in Sources */,
				88DE63741E456BFF00719468 /* Pokemon.swift in Sources */,
				8818702C1E49255A0000DEB1 /* csv.swift in Sources */,
			);
			runOnlyForDeploymentPostprocessing = 0;
		};
/* End PBXSourcesBuildPhase section */

/* Begin PBXVariantGroup section */
		8832A79F1E329F690079FF13 /* Main.storyboard */ = {
			isa = PBXVariantGroup;
			children = (
				8832A7A01E329F690079FF13 /* Base */,
			);
			name = Main.storyboard;
			sourceTree = "<group>";
		};
		8832A7A41E329F690079FF13 /* LaunchScreen.storyboard */ = {
			isa = PBXVariantGroup;
			children = (
				8832A7A51E329F690079FF13 /* Base */,
			);
			name = LaunchScreen.storyboard;
			sourceTree = "<group>";
		};
/* End PBXVariantGroup section */

/* Begin XCBuildConfiguration section */
		8832A7A81E329F690079FF13 /* Debug */ = {
			isa = XCBuildConfiguration;
			buildSettings = {
				ALWAYS_SEARCH_USER_PATHS = NO;
				CLANG_ANALYZER_NONNULL = YES;
				CLANG_CXX_LANGUAGE_STANDARD = "gnu++0x";
				CLANG_CXX_LIBRARY = "libc++";
				CLANG_ENABLE_MODULES = YES;
				CLANG_ENABLE_OBJC_ARC = YES;
				CLANG_WARN_BOOL_CONVERSION = YES;
				CLANG_WARN_CONSTANT_CONVERSION = YES;
				CLANG_WARN_DIRECT_OBJC_ISA_USAGE = YES_ERROR;
				CLANG_WARN_DOCUMENTATION_COMMENTS = YES;
				CLANG_WARN_EMPTY_BODY = YES;
				CLANG_WARN_ENUM_CONVERSION = YES;
				CLANG_WARN_INFINITE_RECURSION = YES;
				CLANG_WARN_INT_CONVERSION = YES;
				CLANG_WARN_OBJC_ROOT_CLASS = YES_ERROR;
				CLANG_WARN_SUSPICIOUS_MOVE = YES;
				CLANG_WARN_UNREACHABLE_CODE = YES;
				CLANG_WARN__DUPLICATE_METHOD_MATCH = YES;
				"CODE_SIGN_IDENTITY[sdk=iphoneos*]" = "iPhone Developer";
				COPY_PHASE_STRIP = NO;
				DEBUG_INFORMATION_FORMAT = dwarf;
				ENABLE_STRICT_OBJC_MSGSEND = YES;
				ENABLE_TESTABILITY = YES;
				GCC_C_LANGUAGE_STANDARD = gnu99;
				GCC_DYNAMIC_NO_PIC = NO;
				GCC_NO_COMMON_BLOCKS = YES;
				GCC_OPTIMIZATION_LEVEL = 0;
				GCC_PREPROCESSOR_DEFINITIONS = (
					"DEBUG=1",
					"$(inherited)",
				);
				GCC_WARN_64_TO_32_BIT_CONVERSION = YES;
				GCC_WARN_ABOUT_RETURN_TYPE = YES_ERROR;
				GCC_WARN_UNDECLARED_SELECTOR = YES;
				GCC_WARN_UNINITIALIZED_AUTOS = YES_AGGRESSIVE;
				GCC_WARN_UNUSED_FUNCTION = YES;
				GCC_WARN_UNUSED_VARIABLE = YES;
				IPHONEOS_DEPLOYMENT_TARGET = 10.2;
				MTL_ENABLE_DEBUG_INFO = YES;
				ONLY_ACTIVE_ARCH = YES;
				SDKROOT = iphoneos;
				SWIFT_ACTIVE_COMPILATION_CONDITIONS = DEBUG;
				SWIFT_OPTIMIZATION_LEVEL = "-Onone";
				TARGETED_DEVICE_FAMILY = "1,2";
			};
			name = Debug;
		};
		8832A7A91E329F690079FF13 /* Release */ = {
			isa = XCBuildConfiguration;
			buildSettings = {
				ALWAYS_SEARCH_USER_PATHS = NO;
				CLANG_ANALYZER_NONNULL = YES;
				CLANG_CXX_LANGUAGE_STANDARD = "gnu++0x";
				CLANG_CXX_LIBRARY = "libc++";
				CLANG_ENABLE_MODULES = YES;
				CLANG_ENABLE_OBJC_ARC = YES;
				CLANG_WARN_BOOL_CONVERSION = YES;
				CLANG_WARN_CONSTANT_CONVERSION = YES;
				CLANG_WARN_DIRECT_OBJC_ISA_USAGE = YES_ERROR;
				CLANG_WARN_DOCUMENTATION_COMMENTS = YES;
				CLANG_WARN_EMPTY_BODY = YES;
				CLANG_WARN_ENUM_CONVERSION = YES;
				CLANG_WARN_INFINITE_RECURSION = YES;
				CLANG_WARN_INT_CONVERSION = YES;
				CLANG_WARN_OBJC_ROOT_CLASS = YES_ERROR;
				CLANG_WARN_SUSPICIOUS_MOVE = YES;
				CLANG_WARN_UNREACHABLE_CODE = YES;
				CLANG_WARN__DUPLICATE_METHOD_MATCH = YES;
				"CODE_SIGN_IDENTITY[sdk=iphoneos*]" = "iPhone Developer";
				COPY_PHASE_STRIP = NO;
				DEBUG_INFORMATION_FORMAT = "dwarf-with-dsym";
				ENABLE_NS_ASSERTIONS = NO;
				ENABLE_STRICT_OBJC_MSGSEND = YES;
				GCC_C_LANGUAGE_STANDARD = gnu99;
				GCC_NO_COMMON_BLOCKS = YES;
				GCC_WARN_64_TO_32_BIT_CONVERSION = YES;
				GCC_WARN_ABOUT_RETURN_TYPE = YES_ERROR;
				GCC_WARN_UNDECLARED_SELECTOR = YES;
				GCC_WARN_UNINITIALIZED_AUTOS = YES_AGGRESSIVE;
				GCC_WARN_UNUSED_FUNCTION = YES;
				GCC_WARN_UNUSED_VARIABLE = YES;
				IPHONEOS_DEPLOYMENT_TARGET = 10.2;
				MTL_ENABLE_DEBUG_INFO = NO;
				SDKROOT = iphoneos;
				SWIFT_OPTIMIZATION_LEVEL = "-Owholemodule";
				TARGETED_DEVICE_FAMILY = "1,2";
				VALIDATE_PRODUCT = YES;
			};
			name = Release;
		};
		8832A7AB1E329F690079FF13 /* Debug */ = {
			isa = XCBuildConfiguration;
			buildSettings = {
				ASSETCATALOG_COMPILER_APPICON_NAME = AppIcon;
				DEVELOPMENT_TEAM = 6D459735TJ;
				INFOPLIST_FILE = Pokedex/Info.plist;
				LD_RUNPATH_SEARCH_PATHS = "$(inherited) @executable_path/Frameworks";
				PRODUCT_BUNDLE_IDENTIFIER = "Jesse-Budhlall.Pokedex";
				PRODUCT_NAME = "$(TARGET_NAME)";
				SWIFT_VERSION = 3.0;
			};
			name = Debug;
		};
		8832A7AC1E329F690079FF13 /* Release */ = {
			isa = XCBuildConfiguration;
			buildSettings = {
				ASSETCATALOG_COMPILER_APPICON_NAME = AppIcon;
				DEVELOPMENT_TEAM = 6D459735TJ;
				INFOPLIST_FILE = Pokedex/Info.plist;
				LD_RUNPATH_SEARCH_PATHS = "$(inherited) @executable_path/Frameworks";
				PRODUCT_BUNDLE_IDENTIFIER = "Jesse-Budhlall.Pokedex";
				PRODUCT_NAME = "$(TARGET_NAME)";
				SWIFT_VERSION = 3.0;
			};
			name = Release;
		};
/* End XCBuildConfiguration section */

/* Begin XCConfigurationList section */
		8832A7931E329F690079FF13 /* Build configuration list for PBXProject "Pokedex" */ = {
			isa = XCConfigurationList;
			buildConfigurations = (
				8832A7A81E329F690079FF13 /* Debug */,
				8832A7A91E329F690079FF13 /* Release */,
			);
			defaultConfigurationIsVisible = 0;
			defaultConfigurationName = Release;
		};
		8832A7AA1E329F690079FF13 /* Build configuration list for PBXNativeTarget "Pokedex" */ = {
			isa = XCConfigurationList;
			buildConfigurations = (
				8832A7AB1E329F690079FF13 /* Debug */,
				8832A7AC1E329F690079FF13 /* Release */,
			);
			defaultConfigurationIsVisible = 0;
			defaultConfigurationName = Release;
		};
/* End XCConfigurationList section */
	};
	rootObject = 8832A7901E329F690079FF13 /* Project object */;
}
